PODS:
  - Appirater (1.0.5)
  - DYRateView (0.0.2)
  - MBProgressHUD (0.8)
  - Optimizely-iOS-SDK (0.4.0)
  - SDWebImage (3.4):
    - SDWebImage/Core
  - SDWebImage/Core (3.4)

DEPENDENCIES:
  - Appirater (= 1.0.5)
  - DYRateView
  - MBProgressHUD
  - Optimizely-iOS-SDK (from `git@github.com:optimizely/Optimizely-iOS-SDK.git`)
  - SDWebImage

EXTERNAL SOURCES:
  Optimizely-iOS-SDK:
    :git: git@github.com:optimizely/Optimizely-iOS-SDK.git

SPEC CHECKSUMS:
  Appirater: 5addfe3fac0aa85209b553f894b6b0533152786f
  DYRateView: ed57ab9f1ff4298bdd808591ffa654df2d43c7da
  MBProgressHUD: 2bbc6f470111daf7f3eaa4eb12b8cbf01c4c0622
  Optimizely-iOS-SDK: 6421f3347412e086ba8abe7fbedbc57894a94f51
  SDWebImage: 366188f04c019bfd712d45e3b36aa52070f4abd8

COCOAPODS: 0.29.0
