PODS:
  - Appirater (1.0.5)
  - DYRateView (0.0.2)
  - MBProgressHUD (0.8)
  - SDWebImage (3.4):
    - SDWebImage/Core
  - SDWebImage/Core (3.4)

DEPENDENCIES:
  - Appirater (= 1.0.5)
  - DYRateView
  - MBProgressHUD
  - SDWebImage

SPEC CHECKSUMS:
  Appirater: 5addfe3fac0aa85209b553f894b6b0533152786f
  DYRateView: ed57ab9f1ff4298bdd808591ffa654df2d43c7da
  MBProgressHUD: 2bbc6f470111daf7f3eaa4eb12b8cbf01c4c0622
  SDWebImage: 366188f04c019bfd712d45e3b36aa52070f4abd8

COCOAPODS: 0.29.0
